# Generated by move; do not edit
# This file should be checked in.

[move]
version = 3
manifest_digest = "D7D37A3C3B35F554C42493EFB97C02CAD9ED554E964D19342663E4371A42CE74"
deps_digest = "F8BBB0CCB2491CA29A3DF03D6F92277A4F3574266507ACD77214D37ECA3F3082"
dependencies = [
  { id = "Sui", name = "Sui" },
]

[[move.package]]
id = "MoveStdlib"
source = { git = "https://github.com/MystenLabs/sui.git", rev = "testnet-v1.61.1", subdir = "crates/sui-framework/packages/move-stdlib" }

[[move.package]]
id = "Sui"
source = { git = "https://github.com/MystenLabs/sui.git", rev = "testnet-v1.61.1", subdir = "crates/sui-framework/packages/sui-framework" }

dependencies = [
  { id = "MoveStdlib", name = "MoveStdlib" },
]

[move.toolchain-version]
compiler-version = "1.61.1"
edition = "2024.beta"
flavor = "sui"

[pinned.testnet.MoveStdlib]
source = { git = "https://github.com/MystenLabs/sui.git", subdir = "crates/sui-framework/packages/move-stdlib", rev = "edfb00f26f1e5d967a71ccba828e6c01dfb9db0d" }
use_environment = "testnet"
manifest_digest = "C4FE4C91DE74CBF223B2E380AE40F592177D21870DC2D7EB6227D2D694E05363"
deps = {}

[pinned.testnet.Sui]
source = { git = "https://github.com/MystenLabs/sui.git", subdir = "crates/sui-framework/packages/sui-framework", rev = "edfb00f26f1e5d967a71ccba828e6c01dfb9db0d" }
use_environment = "testnet"
manifest_digest = "7AFB66695545775FBFBB2D3078ADFD084244D5002392E837FDE21D9EA1C6D01C"
deps = { MoveStdlib = "MoveStdlib" }

[pinned.testnet.sui_stride]
source = { root = true }
use_environment = "testnet"
manifest_digest = "EDFDECD0509AFD8E74B4A43C4BF56039A3BF6D1BC43C2AF7A171189A4E3BCD0D"
deps = { Sui = "Sui" }

[env]

[env.testnet]
chain-id = "4c78adac"
original-published-id = "0xf3676ec35cbbb1d1a6ad630822fb6f3056de5beeb74ecba1ed48413f65f2b4d5"
latest-published-id = "0xf3676ec35cbbb1d1a6ad630822fb6f3056de5beeb74ecba1ed48413f65f2b4d5"
published-version = "1"
